
Microsoft Visual Studio Solution File, Format Version 12.00
# Visual Studio Version 17
VisualStudioVersion = 17.13.35919.96
MinimumVisualStudioVersion = 10.0.40219.1
Project("{FAE04EC0-301F-11D3-BF4B-00C04F79EFBC}") = "Client", "Client\Client.csproj", "{BE012DE0-5E5E-4154-9568-9995D63BAAF5}"
EndProject
Project("{FAE04EC0-301F-11D3-BF4B-00C04F79EFBC}") = "Server", "Server\Server.csproj", "{8FC69560-4906-4C33-A970-182B97B3DB7C}"
EndProject
Project("{FAE04EC0-301F-11D3-BF4B-00C04F79EFBC}") = "CommunicationCore", "CommunicationCore\CommunicationCore.csproj", "{15335164-3D35-4EC3-9951-48282D49D61E}"
EndProject
Global
	GlobalSection(SolutionConfigurationPlatforms) = preSolution
		Debug|Any CPU = Debug|Any CPU
		Release|Any CPU = Release|Any CPU
	EndGlobalSection
	GlobalSection(ProjectConfigurationPlatforms) = postSolution
		{BE012DE0-5E5E-4154-9568-9995D63BAAF5}.Debug|Any CPU.ActiveCfg = Debug|Any CPU
		{BE012DE0-5E5E-4154-9568-9995D63BAAF5}.Debug|Any CPU.Build.0 = Debug|Any CPU
		{BE012DE0-5E5E-4154-9568-9995D63BAAF5}.Release|Any CPU.ActiveCfg = Release|Any CPU
		{BE012DE0-5E5E-4154-9568-9995D63BAAF5}.Release|Any CPU.Build.0 = Release|Any CPU
		{8FC69560-4906-4C33-A970-182B97B3DB7C}.Debug|Any CPU.ActiveCfg = Debug|Any CPU
		{8FC69560-4906-4C33-A970-182B97B3DB7C}.Debug|Any CPU.Build.0 = Debug|Any CPU
		{8FC69560-4906-4C33-A970-182B97B3DB7C}.Release|Any CPU.ActiveCfg = Release|Any CPU
		{8FC69560-4906-4C33-A970-182B97B3DB7C}.Release|Any CPU.Build.0 = Release|Any CPU
		{15335164-3D35-4EC3-9951-48282D49D61E}.Debug|Any CPU.ActiveCfg = Debug|Any CPU
		{15335164-3D35-4EC3-9951-48282D49D61E}.Debug|Any CPU.Build.0 = Debug|Any CPU
		{15335164-3D35-4EC3-9951-48282D49D61E}.Release|Any CPU.ActiveCfg = Release|Any CPU
		{15335164-3D35-4EC3-9951-48282D49D61E}.Release|Any CPU.Build.0 = Release|Any CPU
	EndGlobalSection
	GlobalSection(SolutionProperties) = preSolution
		HideSolutionNode = FALSE
	EndGlobalSection
	GlobalSection(ExtensibilityGlobals) = postSolution
		SolutionGuid = {59F08F06-F501-47B0-9282-112365F3527A}
	EndGlobalSection
EndGlobal
